<?xml version="1.0" encoding="utf-8"?>
<Project ToolsVersion="4.0" xmlns="http://schemas.microsoft.com/developer/msbuild/2003">
  <ItemGroup>
    <ClCompile Include="CMUgraphicsLib\auxil.cpp">
      <Filter>CMUgraphics Library</Filter>
    </ClCompile>
    <ClCompile Include="CMUgraphicsLib\CMUgraphics.cpp">
      <Filter>CMUgraphics Library</Filter>
    </ClCompile>
    <ClCompile Include="CMUgraphicsLib\image.cpp">
      <Filter>CMUgraphics Library</Filter>
    </ClCompile>
    <ClCompile Include="CMUgraphicsLib\jpeg\jcomapi.c">
      <Filter>CMUgraphics Library</Filter>
    </ClCompile>
    <ClCompile Include="CMUgraphicsLib\jpeg\jcparam.c">
      <Filter>CMUgraphics Library</Filter>
    </ClCompile>
    <ClCompile Include="CMUgraphicsLib\jpeg\jdapimin.c">
      <Filter>CMUgraphics Library</Filter>
    </ClCompile>
    <ClCompile Include="CMUgraphicsLib\jpeg\jdapistd.c">
      <Filter>CMUgraphics Library</Filter>
    </ClCompile>
    <ClCompile Include="CMUgraphicsLib\jpeg\jdatasrc.c">
      <Filter>CMUgraphics Library</Filter>
    </ClCompile>
    <ClCompile Include="CMUgraphicsLib\jpeg\jdcoefct.c">
      <Filter>CMUgraphics Library</Filter>
    </ClCompile>
    <ClCompile Include="CMUgraphicsLib\jpeg\jdcolor.c">
      <Filter>CMUgraphics Library</Filter>
    </ClCompile>
    <ClCompile Include="CMUgraphicsLib\jpeg\jddctmgr.c">
      <Filter>CMUgraphics Library</Filter>
    </ClCompile>
    <ClCompile Include="CMUgraphicsLib\jpeg\jdhuff.c">
      <Filter>CMUgraphics Library</Filter>
    </ClCompile>
    <ClCompile Include="CMUgraphicsLib\jpeg\jdinput.c">
      <Filter>CMUgraphics Library</Filter>
    </ClCompile>
    <ClCompile Include="CMUgraphicsLib\jpeg\jdmainct.c">
      <Filter>CMUgraphics Library</Filter>
    </ClCompile>
    <ClCompile Include="CMUgraphicsLib\jpeg\jdmarker.c">
      <Filter>CMUgraphics Library</Filter>
    </ClCompile>
    <ClCompile Include="CMUgraphicsLib\jpeg\jdmaster.c">
      <Filter>CMUgraphics Library</Filter>
    </ClCompile>
    <ClCompile Include="CMUgraphicsLib\jpeg\jdmerge.c">
      <Filter>CMUgraphics Library</Filter>
    </ClCompile>
    <ClCompile Include="CMUgraphicsLib\jpeg\jdphuff.c">
      <Filter>CMUgraphics Library</Filter>
    </ClCompile>
    <ClCompile Include="CMUgraphicsLib\jpeg\jdpostct.c">
      <Filter>CMUgraphics Library</Filter>
    </ClCompile>
    <ClCompile Include="CMUgraphicsLib\jpeg\jdsample.c">
      <Filter>CMUgraphics Library</Filter>
    </ClCompile>
    <ClCompile Include="CMUgraphicsLib\jpeg\jdtrans.c">
      <Filter>CMUgraphics Library</Filter>
    </ClCompile>
    <ClCompile Include="CMUgraphicsLib\jpeg\jerror.c">
      <Filter>CMUgraphics Library</Filter>
    </ClCompile>
    <ClCompile Include="CMUgraphicsLib\jpeg\jidctflt.c">
      <Filter>CMUgraphics Library</Filter>
    </ClCompile>
    <ClCompile Include="CMUgraphicsLib\jpeg\jidctfst.c">
      <Filter>CMUgraphics Library</Filter>
    </ClCompile>
    <ClCompile Include="CMUgraphicsLib\jpeg\jidctint.c">
      <Filter>CMUgraphics Library</Filter>
    </ClCompile>
    <ClCompile Include="CMUgraphicsLib\jpeg\jidctred.c">
      <Filter>CMUgraphics Library</Filter>
    </ClCompile>
    <ClCompile Include="CMUgraphicsLib\jpeg\jmemmgr.c">
      <Filter>CMUgraphics Library</Filter>
    </ClCompile>
    <ClCompile Include="CMUgraphicsLib\jpeg\jmemnobs.c">
      <Filter>CMUgraphics Library</Filter>
    </ClCompile>
    <ClCompile Include="CMUgraphicsLib\jpegload.c">
      <Filter>CMUgraphics Library</Filter>
    </ClCompile>
    <ClCompile Include="CMUgraphicsLib\jpeg\jquant1.c">
      <Filter>CMUgraphics Library</Filter>
    </ClCompile>
    <ClCompile Include="CMUgraphicsLib\jpeg\jquant2.c">
      <Filter>CMUgraphics Library</Filter>
    </ClCompile>
    <ClCompile Include="CMUgraphicsLib\jpeg\jutils.c">
      <Filter>CMUgraphics Library</Filter>
    </ClCompile>
    <ClCompile Include="CMUgraphicsLib\keyqueue.cpp">
      <Filter>CMUgraphics Library</Filter>
    </ClCompile>
    <ClCompile Include="CMUgraphicsLib\mousequeue.cpp">
      <Filter>CMUgraphics Library</Filter>
    </ClCompile>
    <ClCompile Include="CMUgraphicsLib\windowinput.cpp">
      <Filter>CMUgraphics Library</Filter>
    </ClCompile>
    <ClCompile Include="CMUgraphicsLib\png\LoadPNG.cpp">
      <Filter>CMUgraphics Library</Filter>
    </ClCompile>
    <ClCompile Include="CMUgraphicsLib\PNG.cpp">
      <Filter>CMUgraphics Library</Filter>
    </ClCompile>
    <ClCompile Include="ResizerModule\entry.cpp">
      <Filter>Resizer Module</Filter>
    </ClCompile>
    <ClCompile Include="ResizerModule\OpenCL\oclManager.cpp">
      <Filter>Resizer Module</Filter>
    </ClCompile>
    <ClCompile Include="ResizerModule\Resizer.cpp">
      <Filter>Resizer Module</Filter>
    </ClCompile>
    <ClCompile Include="main.cpp">
      <Filter>Utilities</Filter>
    </ClCompile>
    <ClCompile Include="..\Project\utils\printable\printable.cpp">
      <Filter>Utilities</Filter>
    </ClCompile>
    <ClCompile Include="ExtendedImage.cpp">
      <Filter>Utilities</Filter>
    </ClCompile>
    <ClCompile Include="ExtendedImage.h">
      <Filter>Utilities</Filter>
    </ClCompile>
  </ItemGroup>
  <ItemGroup>
    <ClInclude Include="CMUgraphicsLib\auxil.h">
      <Filter>CMUgraphics Library</Filter>
    </ClInclude>
    <ClInclude Include="CMUgraphicsLib\CMUgraphics.h">
      <Filter>CMUgraphics Library</Filter>
    </ClInclude>
    <ClInclude Include="CMUgraphicsLib\colors.h">
      <Filter>CMUgraphics Library</Filter>
    </ClInclude>
    <ClInclude Include="CMUgraphicsLib\error.h">
      <Filter>CMUgraphics Library</Filter>
    </ClInclude>
    <ClInclude Include="CMUgraphicsLib\image.h">
      <Filter>CMUgraphics Library</Filter>
    </ClInclude>
    <ClInclude Include="CMUgraphicsLib\jpeg\jconfig.h">
      <Filter>CMUgraphics Library</Filter>
    </ClInclude>
    <ClInclude Include="CMUgraphicsLib\jpeg\jdct.h">
      <Filter>CMUgraphics Library</Filter>
    </ClInclude>
    <ClInclude Include="CMUgraphicsLib\jpeg\jdhuff.h">
      <Filter>CMUgraphics Library</Filter>
    </ClInclude>
    <ClInclude Include="CMUgraphicsLib\jpeg\jerror.h">
      <Filter>CMUgraphics Library</Filter>
    </ClInclude>
    <ClInclude Include="CMUgraphicsLib\jpeg\jinclude.h">
      <Filter>CMUgraphics Library</Filter>
    </ClInclude>
    <ClInclude Include="CMUgraphicsLib\jpeg\jmemsys.h">
      <Filter>CMUgraphics Library</Filter>
    </ClInclude>
    <ClInclude Include="CMUgraphicsLib\jpeg\jmorecfg.h">
      <Filter>CMUgraphics Library</Filter>
    </ClInclude>
    <ClInclude Include="CMUgraphicsLib\jpeg\jpegint.h">
      <Filter>CMUgraphics Library</Filter>
    </ClInclude>
    <ClInclude Include="CMUgraphicsLib\jpeg\jpeglib.h">
      <Filter>CMUgraphics Library</Filter>
    </ClInclude>
    <ClInclude Include="CMUgraphicsLib\jpegload.h">
      <Filter>CMUgraphics Library</Filter>
    </ClInclude>
    <ClInclude Include="CMUgraphicsLib\jpeg\jversion.h">
      <Filter>CMUgraphics Library</Filter>
    </ClInclude>
    <ClInclude Include="CMUgraphicsLib\keyqueue.h">
      <Filter>CMUgraphics Library</Filter>
    </ClInclude>
    <ClInclude Include="CMUgraphicsLib\mousequeue.h">
      <Filter>CMUgraphics Library</Filter>
    </ClInclude>
    <ClInclude Include="CMUgraphicsLib\version.h">
      <Filter>CMUgraphics Library</Filter>
    </ClInclude>
    <ClInclude Include="CMUgraphicsLib\windowinput.h">
      <Filter>CMUgraphics Library</Filter>
    </ClInclude>
    <ClInclude Include="CMUgraphicsLib\png\LoadPNG.h">
      <Filter>CMUgraphics Library</Filter>
    </ClInclude>
    <ClInclude Include="CMUgraphicsLib\PNG.h">
      <Filter>CMUgraphics Library</Filter>
    </ClInclude>
    <ClInclude Include="ResizerModule\OpenCL\cl.hpp">
      <Filter>Resizer Module</Filter>
    </ClInclude>
    <ClInclude Include="ResizerModule\OpenCL\oclManager.h">
      <Filter>Resizer Module</Filter>
    </ClInclude>
    <ClInclude Include="ResizerModule\OpenCL\kernels\resize_kernel.h">
      <Filter>Resizer Module</Filter>
    </ClInclude>
    <ClInclude Include="ResizerModule\Resizer.h">
      <Filter>Resizer Module</Filter>
    </ClInclude>
    <ClInclude Include="..\Project\utils\JSON\json.hpp">
      <Filter>Utilities</Filter>
    </ClInclude>
    <ClInclude Include="..\Project\utils\list\list.h">
      <Filter>Utilities</Filter>
    </ClInclude>
    <ClInclude Include="..\Project\utils\printable\printable.h">
      <Filter>Utilities</Filter>
    </ClInclude>
  </ItemGroup>
  <ItemGroup>
    <Filter Include="CMUgraphics Library">
      <UniqueIdentifier>{d63335de-3852-47e7-9b12-ce7902be525e}</UniqueIdentifier>
    </Filter>
    <Filter Include="Resizer Module">
      <UniqueIdentifier>{93d7aa4f-fe64-4a76-995b-585007380bd1}</UniqueIdentifier>
    </Filter>
    <Filter Include="Utilities">
      <UniqueIdentifier>{428cc57a-0146-4699-842f-f92cae4ac8e2}</UniqueIdentifier>
    </Filter>
  </ItemGroup>
</Project>