<?xml version="1.0" encoding="utf-8"?>
<Project ToolsVersion="4.0" xmlns="http://schemas.microsoft.com/developer/msbuild/2003">
  <ItemGroup>
    <ClCompile Include="CMUgraphicsLib\auxil.cpp">
      <Filter>CMUgraphics Library</Filter>
    </ClCompile>
    <ClCompile Include="CMUgraphicsLib\CMUgraphics.cpp">
      <Filter>CMUgraphics Library</Filter>
    </ClCompile>
    <ClCompile Include="CMUgraphicsLib\image.cpp">
      <Filter>CMUgraphics Library</Filter>
    </ClCompile>
    <ClCompile Include="CMUgraphicsLib\jpeg\jcomapi.c">
      <Filter>CMUgraphics Library</Filter>
    </ClCompile>
    <ClCompile Include="CMUgraphicsLib\jpeg\jcparam.c">
      <Filter>CMUgraphics Library</Filter>
    </ClCompile>
    <ClCompile Include="CMUgraphicsLib\jpeg\jdapimin.c">
      <Filter>CMUgraphics Library</Filter>
    </ClCompile>
    <ClCompile Include="CMUgraphicsLib\jpeg\jdapistd.c">
      <Filter>CMUgraphics Library</Filter>
    </ClCompile>
    <ClCompile Include="CMUgraphicsLib\jpeg\jdatasrc.c">
      <Filter>CMUgraphics Library</Filter>
    </ClCompile>
    <ClCompile Include="CMUgraphicsLib\jpeg\jdcoefct.c">
      <Filter>CMUgraphics Library</Filter>
    </ClCompile>
    <ClCompile Include="CMUgraphicsLib\jpeg\jdcolor.c">
      <Filter>CMUgraphics Library</Filter>
    </ClCompile>
    <ClCompile Include="CMUgraphicsLib\jpeg\jddctmgr.c">
      <Filter>CMUgraphics Library</Filter>
    </ClCompile>
    <ClCompile Include="CMUgraphicsLib\jpeg\jdhuff.c">
      <Filter>CMUgraphics Library</Filter>
    </ClCompile>
    <ClCompile Include="CMUgraphicsLib\jpeg\jdinput.c">
      <Filter>CMUgraphics Library</Filter>
    </ClCompile>
    <ClCompile Include="CMUgraphicsLib\jpeg\jdmainct.c">
      <Filter>CMUgraphics Library</Filter>
    </ClCompile>
    <ClCompile Include="CMUgraphicsLib\jpeg\jdmarker.c">
      <Filter>CMUgraphics Library</Filter>
    </ClCompile>
    <ClCompile Include="CMUgraphicsLib\jpeg\jdmaster.c">
      <Filter>CMUgraphics Library</Filter>
    </ClCompile>
    <ClCompile Include="CMUgraphicsLib\jpeg\jdmerge.c">
      <Filter>CMUgraphics Library</Filter>
    </ClCompile>
    <ClCompile Include="CMUgraphicsLib\jpeg\jdphuff.c">
      <Filter>CMUgraphics Library</Filter>
    </ClCompile>
    <ClCompile Include="CMUgraphicsLib\jpeg\jdpostct.c">
      <Filter>CMUgraphics Library</Filter>
    </ClCompile>
    <ClCompile Include="CMUgraphicsLib\jpeg\jdsample.c">
      <Filter>CMUgraphics Library</Filter>
    </ClCompile>
    <ClCompile Include="CMUgraphicsLib\jpeg\jdtrans.c">
      <Filter>CMUgraphics Library</Filter>
    </ClCompile>
    <ClCompile Include="CMUgraphicsLib\jpeg\jerror.c">
      <Filter>CMUgraphics Library</Filter>
    </ClCompile>
    <ClCompile Include="CMUgraphicsLib\jpeg\jidctflt.c">
      <Filter>CMUgraphics Library</Filter>
    </ClCompile>
    <ClCompile Include="CMUgraphicsLib\jpeg\jidctfst.c">
      <Filter>CMUgraphics Library</Filter>
    </ClCompile>
    <ClCompile Include="CMUgraphicsLib\jpeg\jidctint.c">
      <Filter>CMUgraphics Library</Filter>
    </ClCompile>
    <ClCompile Include="CMUgraphicsLib\jpeg\jidctred.c">
      <Filter>CMUgraphics Library</Filter>
    </ClCompile>
    <ClCompile Include="CMUgraphicsLib\jpeg\jmemmgr.c">
      <Filter>CMUgraphics Library</Filter>
    </ClCompile>
    <ClCompile Include="CMUgraphicsLib\jpeg\jmemnobs.c">
      <Filter>CMUgraphics Library</Filter>
    </ClCompile>
    <ClCompile Include="CMUgraphicsLib\jpegload.c">
      <Filter>CMUgraphics Library</Filter>
    </ClCompile>
    <ClCompile Include="CMUgraphicsLib\jpeg\jquant1.c">
      <Filter>CMUgraphics Library</Filter>
    </ClCompile>
    <ClCompile Include="CMUgraphicsLib\jpeg\jquant2.c">
      <Filter>CMUgraphics Library</Filter>
    </ClCompile>
    <ClCompile Include="CMUgraphicsLib\jpeg\jutils.c">
      <Filter>CMUgraphics Library</Filter>
    </ClCompile>
    <ClCompile Include="CMUgraphicsLib\keyqueue.cpp">
      <Filter>CMUgraphics Library</Filter>
    </ClCompile>
    <ClCompile Include="CMUgraphicsLib\mousequeue.cpp">
      <Filter>CMUgraphics Library</Filter>
    </ClCompile>
    <ClCompile Include="CMUgraphicsLib\windowinput.cpp">
      <Filter>CMUgraphics Library</Filter>
    </ClCompile>
    <ClCompile Include="CMUgraphicsLib\png\LoadPNG.cpp">
      <Filter>CMUgraphics Library</Filter>
    </ClCompile>
    <ClCompile Include="CMUgraphicsLib\PNG.cpp">
      <Filter>CMUgraphics Library</Filter>
    </ClCompile>
    <ClCompile Include="main.cpp" />
    <ClCompile Include="OCL\OCL.cpp">
      <Filter>OCL</Filter>
    </ClCompile>
    <ClCompile Include="OCL\OCLManager.cpp">
      <Filter>OCL</Filter>
    </ClCompile>
    <ClCompile Include="Utilities\printable\printable.cpp">
      <Filter>Utilities\Printable</Filter>
    </ClCompile>
    <ClCompile Include="Utilities\ExtendedImage\ExtendedImage.cpp">
      <Filter>Utilities\ExtendedImage</Filter>
    </ClCompile>
  </ItemGroup>
  <ItemGroup>
    <ClInclude Include="CMUgraphicsLib\auxil.h">
      <Filter>CMUgraphics Library</Filter>
    </ClInclude>
    <ClInclude Include="CMUgraphicsLib\CMUgraphics.h">
      <Filter>CMUgraphics Library</Filter>
    </ClInclude>
    <ClInclude Include="CMUgraphicsLib\colors.h">
      <Filter>CMUgraphics Library</Filter>
    </ClInclude>
    <ClInclude Include="CMUgraphicsLib\error.h">
      <Filter>CMUgraphics Library</Filter>
    </ClInclude>
    <ClInclude Include="CMUgraphicsLib\image.h">
      <Filter>CMUgraphics Library</Filter>
    </ClInclude>
    <ClInclude Include="CMUgraphicsLib\jpeg\jconfig.h">
      <Filter>CMUgraphics Library</Filter>
    </ClInclude>
    <ClInclude Include="CMUgraphicsLib\jpeg\jdct.h">
      <Filter>CMUgraphics Library</Filter>
    </ClInclude>
    <ClInclude Include="CMUgraphicsLib\jpeg\jdhuff.h">
      <Filter>CMUgraphics Library</Filter>
    </ClInclude>
    <ClInclude Include="CMUgraphicsLib\jpeg\jerror.h">
      <Filter>CMUgraphics Library</Filter>
    </ClInclude>
    <ClInclude Include="CMUgraphicsLib\jpeg\jinclude.h">
      <Filter>CMUgraphics Library</Filter>
    </ClInclude>
    <ClInclude Include="CMUgraphicsLib\jpeg\jmemsys.h">
      <Filter>CMUgraphics Library</Filter>
    </ClInclude>
    <ClInclude Include="CMUgraphicsLib\jpeg\jmorecfg.h">
      <Filter>CMUgraphics Library</Filter>
    </ClInclude>
    <ClInclude Include="CMUgraphicsLib\jpeg\jpegint.h">
      <Filter>CMUgraphics Library</Filter>
    </ClInclude>
    <ClInclude Include="CMUgraphicsLib\jpeg\jpeglib.h">
      <Filter>CMUgraphics Library</Filter>
    </ClInclude>
    <ClInclude Include="CMUgraphicsLib\jpegload.h">
      <Filter>CMUgraphics Library</Filter>
    </ClInclude>
    <ClInclude Include="CMUgraphicsLib\jpeg\jversion.h">
      <Filter>CMUgraphics Library</Filter>
    </ClInclude>
    <ClInclude Include="CMUgraphicsLib\keyqueue.h">
      <Filter>CMUgraphics Library</Filter>
    </ClInclude>
    <ClInclude Include="CMUgraphicsLib\mousequeue.h">
      <Filter>CMUgraphics Library</Filter>
    </ClInclude>
    <ClInclude Include="CMUgraphicsLib\version.h">
      <Filter>CMUgraphics Library</Filter>
    </ClInclude>
    <ClInclude Include="CMUgraphicsLib\windowinput.h">
      <Filter>CMUgraphics Library</Filter>
    </ClInclude>
    <ClInclude Include="CMUgraphicsLib\png\LoadPNG.h">
      <Filter>CMUgraphics Library</Filter>
    </ClInclude>
    <ClInclude Include="CMUgraphicsLib\PNG.h">
      <Filter>CMUgraphics Library</Filter>
    </ClInclude>
    <ClInclude Include="OCL\OCL.h">
      <Filter>OCL</Filter>
    </ClInclude>
    <ClInclude Include="OCL\OCLManager.h">
      <Filter>OCL</Filter>
    </ClInclude>
    <ClInclude Include="OCL\kernels\resize_kernel.h">
      <Filter>OCL\kernels</Filter>
    </ClInclude>
    <ClInclude Include="Utilities\printable\printable.h">
      <Filter>Utilities\Printable</Filter>
    </ClInclude>
    <ClInclude Include="Utilities\list\list.h">
      <Filter>Utilities\List</Filter>
    </ClInclude>
    <ClInclude Include="Utilities\JSON\json.hpp">
      <Filter>Utilities\JSON</Filter>
    </ClInclude>
    <ClInclude Include="Utilities\ExtendedImage\ExtendedImage.h">
      <Filter>Utilities\ExtendedImage</Filter>
    </ClInclude>
    <ClInclude Include="OCL\cl.hpp">
      <Filter>OCL</Filter>
    </ClInclude>
  </ItemGroup>
  <ItemGroup>
    <Filter Include="CMUgraphics Library">
      <UniqueIdentifier>{d63335de-3852-47e7-9b12-ce7902be525e}</UniqueIdentifier>
    </Filter>
    <Filter Include="Utilities">
      <UniqueIdentifier>{428cc57a-0146-4699-842f-f92cae4ac8e2}</UniqueIdentifier>
    </Filter>
    <Filter Include="OCL">
      <UniqueIdentifier>{0f0a6571-5933-4a0a-87c1-a46736fb7adc}</UniqueIdentifier>
    </Filter>
    <Filter Include="Assets">
      <UniqueIdentifier>{3bc2ddda-be1d-42fb-afda-a225d77c96b8}</UniqueIdentifier>
    </Filter>
    <Filter Include="OCL\kernels">
      <UniqueIdentifier>{ef01c9db-530d-4386-b527-9b51be749db9}</UniqueIdentifier>
    </Filter>
    <Filter Include="Utilities\ExtendedImage">
      <UniqueIdentifier>{42a37634-8808-43c1-bddf-039b2884d45c}</UniqueIdentifier>
    </Filter>
    <Filter Include="Utilities\JSON">
      <UniqueIdentifier>{98beb011-b7d2-4c42-b449-4ddeaa01640c}</UniqueIdentifier>
    </Filter>
    <Filter Include="Utilities\List">
      <UniqueIdentifier>{ad0e7eb9-8ba5-4663-b966-4f0154a7afec}</UniqueIdentifier>
    </Filter>
    <Filter Include="Utilities\Printable">
      <UniqueIdentifier>{07269250-8688-4217-a423-3bad8a4fc478}</UniqueIdentifier>
    </Filter>
  </ItemGroup>
</Project>