<?xml version="1.0" encoding="utf-8"?>
<Project ToolsVersion="4.0" xmlns="http://schemas.microsoft.com/developer/msbuild/2003">
  <ItemGroup>
    <Filter Include="Source Files">
      <UniqueIdentifier>{4FC737F1-C7A5-4376-A066-2A32D752A2FF}</UniqueIdentifier>
      <Extensions>cpp;c;cc;cxx;c++;cppm;ixx;def;odl;idl;hpj;bat;asm;asmx</Extensions>
    </Filter>
    <Filter Include="Header Files">
      <UniqueIdentifier>{93995380-89BD-4b04-88EB-625FBE52EBFB}</UniqueIdentifier>
      <Extensions>h;hh;hpp;hxx;h++;hm;inl;inc;ipp;xsd</Extensions>
    </Filter>
    <Filter Include="Resource Files">
      <UniqueIdentifier>{67DA6AB6-F800-4c08-8B7A-83BB121AAD01}</UniqueIdentifier>
      <Extensions>rc;ico;cur;bmp;dlg;rc2;rct;bin;rgs;gif;jpg;jpeg;jpe;resx;tiff;tif;png;wav;mfcribbon-ms</Extensions>
    </Filter>
    <Filter Include="utils">
      <UniqueIdentifier>{861b76d1-08e1-4765-abac-dfe12980d8de}</UniqueIdentifier>
    </Filter>
    <Filter Include="CMUgraphicsLib">
      <UniqueIdentifier>{2c095d98-b8f7-4359-adc3-a895f4bed56d}</UniqueIdentifier>
    </Filter>
    <Filter Include="CMUgraphicsLib\jpeg">
      <UniqueIdentifier>{a654cc79-812c-4824-ac76-f05dff45f233}</UniqueIdentifier>
    </Filter>
  </ItemGroup>
  <ItemGroup>
    <ClCompile Include="..\Project\utils\printable\printable.cpp">
      <Filter>utils</Filter>
    </ClCompile>
    <ClCompile Include="..\2D-Engine\main.cpp">
      <Filter>Source Files</Filter>
    </ClCompile>
    <ClCompile Include="..\2D-Engine\CMUgraphicsLib\auxil.cpp">
      <Filter>CMUgraphicsLib</Filter>
    </ClCompile>
    <ClCompile Include="..\2D-Engine\CMUgraphicsLib\CMUgraphics.cpp">
      <Filter>CMUgraphicsLib</Filter>
    </ClCompile>
    <ClCompile Include="..\2D-Engine\CMUgraphicsLib\colors.cpp">
      <Filter>CMUgraphicsLib</Filter>
    </ClCompile>
    <ClCompile Include="..\2D-Engine\CMUgraphicsLib\image.cpp">
      <Filter>CMUgraphicsLib</Filter>
    </ClCompile>
    <ClCompile Include="..\2D-Engine\CMUgraphicsLib\jpegload.c">
      <Filter>CMUgraphicsLib</Filter>
    </ClCompile>
    <ClCompile Include="..\2D-Engine\CMUgraphicsLib\keyqueue.cpp">
      <Filter>CMUgraphicsLib</Filter>
    </ClCompile>
    <ClCompile Include="..\2D-Engine\CMUgraphicsLib\mousequeue.cpp">
      <Filter>CMUgraphicsLib</Filter>
    </ClCompile>
    <ClCompile Include="..\2D-Engine\CMUgraphicsLib\windowinput.cpp">
      <Filter>CMUgraphicsLib</Filter>
    </ClCompile>
    <ClCompile Include="..\2D-Engine\CMUgraphicsLib\jpeg\jcomapi.c">
      <Filter>CMUgraphicsLib\jpeg</Filter>
    </ClCompile>
    <ClCompile Include="..\2D-Engine\CMUgraphicsLib\jpeg\jcparam.c">
      <Filter>CMUgraphicsLib\jpeg</Filter>
    </ClCompile>
    <ClCompile Include="..\2D-Engine\CMUgraphicsLib\jpeg\jdapimin.c">
      <Filter>CMUgraphicsLib\jpeg</Filter>
    </ClCompile>
    <ClCompile Include="..\2D-Engine\CMUgraphicsLib\jpeg\jdapistd.c">
      <Filter>CMUgraphicsLib\jpeg</Filter>
    </ClCompile>
    <ClCompile Include="..\2D-Engine\CMUgraphicsLib\jpeg\jdatasrc.c">
      <Filter>CMUgraphicsLib\jpeg</Filter>
    </ClCompile>
    <ClCompile Include="..\2D-Engine\CMUgraphicsLib\jpeg\jdcoefct.c">
      <Filter>CMUgraphicsLib\jpeg</Filter>
    </ClCompile>
    <ClCompile Include="..\2D-Engine\CMUgraphicsLib\jpeg\jdcolor.c">
      <Filter>CMUgraphicsLib\jpeg</Filter>
    </ClCompile>
    <ClCompile Include="..\2D-Engine\CMUgraphicsLib\jpeg\jddctmgr.c">
      <Filter>CMUgraphicsLib\jpeg</Filter>
    </ClCompile>
    <ClCompile Include="..\2D-Engine\CMUgraphicsLib\jpeg\jdhuff.c">
      <Filter>CMUgraphicsLib\jpeg</Filter>
    </ClCompile>
    <ClCompile Include="..\2D-Engine\CMUgraphicsLib\jpeg\jdinput.c">
      <Filter>CMUgraphicsLib\jpeg</Filter>
    </ClCompile>
    <ClCompile Include="..\2D-Engine\CMUgraphicsLib\jpeg\jdmainct.c">
      <Filter>CMUgraphicsLib\jpeg</Filter>
    </ClCompile>
    <ClCompile Include="..\2D-Engine\CMUgraphicsLib\jpeg\jdmarker.c">
      <Filter>CMUgraphicsLib\jpeg</Filter>
    </ClCompile>
    <ClCompile Include="..\2D-Engine\CMUgraphicsLib\jpeg\jdmaster.c">
      <Filter>CMUgraphicsLib\jpeg</Filter>
    </ClCompile>
    <ClCompile Include="..\2D-Engine\CMUgraphicsLib\jpeg\jdmerge.c">
      <Filter>CMUgraphicsLib\jpeg</Filter>
    </ClCompile>
    <ClCompile Include="..\2D-Engine\CMUgraphicsLib\jpeg\jdphuff.c">
      <Filter>CMUgraphicsLib\jpeg</Filter>
    </ClCompile>
    <ClCompile Include="..\2D-Engine\CMUgraphicsLib\jpeg\jdpostct.c">
      <Filter>CMUgraphicsLib\jpeg</Filter>
    </ClCompile>
    <ClCompile Include="..\2D-Engine\CMUgraphicsLib\jpeg\jdsample.c">
      <Filter>CMUgraphicsLib\jpeg</Filter>
    </ClCompile>
    <ClCompile Include="..\2D-Engine\CMUgraphicsLib\jpeg\jdtrans.c">
      <Filter>CMUgraphicsLib\jpeg</Filter>
    </ClCompile>
    <ClCompile Include="..\2D-Engine\CMUgraphicsLib\jpeg\jerror.c">
      <Filter>CMUgraphicsLib\jpeg</Filter>
    </ClCompile>
    <ClCompile Include="..\2D-Engine\CMUgraphicsLib\jpeg\jidctflt.c">
      <Filter>CMUgraphicsLib\jpeg</Filter>
    </ClCompile>
    <ClCompile Include="..\2D-Engine\CMUgraphicsLib\jpeg\jidctfst.c">
      <Filter>CMUgraphicsLib\jpeg</Filter>
    </ClCompile>
    <ClCompile Include="..\2D-Engine\CMUgraphicsLib\jpeg\jidctint.c">
      <Filter>CMUgraphicsLib\jpeg</Filter>
    </ClCompile>
    <ClCompile Include="..\2D-Engine\CMUgraphicsLib\jpeg\jidctred.c">
      <Filter>CMUgraphicsLib\jpeg</Filter>
    </ClCompile>
    <ClCompile Include="..\2D-Engine\CMUgraphicsLib\jpeg\jmemmgr.c">
      <Filter>CMUgraphicsLib\jpeg</Filter>
    </ClCompile>
    <ClCompile Include="..\2D-Engine\CMUgraphicsLib\jpeg\jmemnobs.c">
      <Filter>CMUgraphicsLib\jpeg</Filter>
    </ClCompile>
    <ClCompile Include="..\2D-Engine\CMUgraphicsLib\jpeg\jquant1.c">
      <Filter>CMUgraphicsLib\jpeg</Filter>
    </ClCompile>
    <ClCompile Include="..\2D-Engine\CMUgraphicsLib\jpeg\jquant2.c">
      <Filter>CMUgraphicsLib\jpeg</Filter>
    </ClCompile>
    <ClCompile Include="..\2D-Engine\CMUgraphicsLib\jpeg\jutils.c">
      <Filter>CMUgraphicsLib\jpeg</Filter>
    </ClCompile>
  </ItemGroup>
  <ItemGroup>
    <ClInclude Include="..\Project\utils\JSON\json.hpp">
      <Filter>utils</Filter>
    </ClInclude>
    <ClInclude Include="..\Project\utils\list\list.h">
      <Filter>utils</Filter>
    </ClInclude>
    <ClInclude Include="..\Project\utils\printable\printable.h">
      <Filter>utils</Filter>
    </ClInclude>
    <ClInclude Include="..\2D-Engine\CMUgraphicsLib\auxil.h">
      <Filter>CMUgraphicsLib</Filter>
    </ClInclude>
    <ClInclude Include="..\2D-Engine\CMUgraphicsLib\CMUgraphics.h">
      <Filter>CMUgraphicsLib</Filter>
    </ClInclude>
    <ClInclude Include="..\2D-Engine\CMUgraphicsLib\colors.h">
      <Filter>CMUgraphicsLib</Filter>
    </ClInclude>
    <ClInclude Include="..\2D-Engine\CMUgraphicsLib\error.h">
      <Filter>CMUgraphicsLib</Filter>
    </ClInclude>
    <ClInclude Include="..\2D-Engine\CMUgraphicsLib\image.h">
      <Filter>CMUgraphicsLib</Filter>
    </ClInclude>
    <ClInclude Include="..\2D-Engine\CMUgraphicsLib\jpegload.h">
      <Filter>CMUgraphicsLib</Filter>
    </ClInclude>
    <ClInclude Include="..\2D-Engine\CMUgraphicsLib\keyqueue.h">
      <Filter>CMUgraphicsLib</Filter>
    </ClInclude>
    <ClInclude Include="..\2D-Engine\CMUgraphicsLib\mousequeue.h">
      <Filter>CMUgraphicsLib</Filter>
    </ClInclude>
    <ClInclude Include="..\2D-Engine\CMUgraphicsLib\version.h">
      <Filter>CMUgraphicsLib</Filter>
    </ClInclude>
    <ClInclude Include="..\2D-Engine\CMUgraphicsLib\windowinput.h">
      <Filter>CMUgraphicsLib</Filter>
    </ClInclude>
    <ClInclude Include="..\2D-Engine\CMUgraphicsLib\jpeg\jconfig.h">
      <Filter>CMUgraphicsLib\jpeg</Filter>
    </ClInclude>
    <ClInclude Include="..\2D-Engine\CMUgraphicsLib\jpeg\jdct.h">
      <Filter>CMUgraphicsLib\jpeg</Filter>
    </ClInclude>
    <ClInclude Include="..\2D-Engine\CMUgraphicsLib\jpeg\jdhuff.h">
      <Filter>CMUgraphicsLib\jpeg</Filter>
    </ClInclude>
    <ClInclude Include="..\2D-Engine\CMUgraphicsLib\jpeg\jerror.h">
      <Filter>CMUgraphicsLib\jpeg</Filter>
    </ClInclude>
    <ClInclude Include="..\2D-Engine\CMUgraphicsLib\jpeg\jinclude.h">
      <Filter>CMUgraphicsLib\jpeg</Filter>
    </ClInclude>
    <ClInclude Include="..\2D-Engine\CMUgraphicsLib\jpeg\jmemsys.h">
      <Filter>CMUgraphicsLib\jpeg</Filter>
    </ClInclude>
    <ClInclude Include="..\2D-Engine\CMUgraphicsLib\jpeg\jmorecfg.h">
      <Filter>CMUgraphicsLib\jpeg</Filter>
    </ClInclude>
    <ClInclude Include="..\2D-Engine\CMUgraphicsLib\jpeg\jpegint.h">
      <Filter>CMUgraphicsLib\jpeg</Filter>
    </ClInclude>
    <ClInclude Include="..\2D-Engine\CMUgraphicsLib\jpeg\jpeglib.h">
      <Filter>CMUgraphicsLib\jpeg</Filter>
    </ClInclude>
    <ClInclude Include="..\2D-Engine\CMUgraphicsLib\jpeg\jversion.h">
      <Filter>CMUgraphicsLib\jpeg</Filter>
    </ClInclude>
  </ItemGroup>
  <ItemGroup>
    <Text Include="..\2D-Engine\CMUgraphicsLib\Manual.txt">
      <Filter>CMUgraphicsLib</Filter>
    </Text>
    <Text Include="..\2D-Engine\CMUgraphicsLib\Readme.txt">
      <Filter>CMUgraphicsLib</Filter>
    </Text>
  </ItemGroup>
</Project>